
Microsoft Visual Studio Solution File, Format Version 11.00
# Visual Studio 2010
Project("{FAE04EC0-301F-11D3-BF4B-00C04F79EFBC}") = "Assembly-CSharp", "Assembly-CSharp.csproj", "{190a4d13-a00d-ad98-6179-b8001d6c5dc9}"
EndProject
Project("{FAE04EC0-301F-11D3-BF4B-00C04F79EFBC}") = "Assembly-CSharp-Editor", "Assembly-CSharp-Editor.csproj", "{82bf8be2-af9d-6616-4e15-8ea5355de587}"
EndProject
Global
	GlobalSection(SolutionConfigurationPlatforms) = preSolution
		Debug|Any CPU = Debug|Any CPU
	EndGlobalSection
	GlobalSection(ProjectConfigurationPlatforms) = postSolution
		{190a4d13-a00d-ad98-6179-b8001d6c5dc9}.Debug|Any CPU.ActiveCfg = Debug|Any CPU
		{190a4d13-a00d-ad98-6179-b8001d6c5dc9}.Debug|Any CPU.Build.0 = Debug|Any CPU
		{82bf8be2-af9d-6616-4e15-8ea5355de587}.Debug|Any CPU.ActiveCfg = Debug|Any CPU
		{82bf8be2-af9d-6616-4e15-8ea5355de587}.Debug|Any CPU.Build.0 = Debug|Any CPU
	EndGlobalSection
	GlobalSection(SolutionProperties) = preSolution
		HideSolutionNode = FALSE
	EndGlobalSection
EndGlobal
